
Microsoft Visual Studio Solution File, Format Version 12.00
# Visual Studio Version 17
VisualStudioVersion = 17.0.31903.59
MinimumVisualStudioVersion = 10.0.40219.1
Project("{2150E333-8FDC-42A3-9474-1A3956D46DE8}") = "src", "src", "{95387D46-4E26-4DA3-9E98-D8D6E7B31849}"
EndProject
Project("{FAE04EC0-301F-11D3-BF4B-00C04F79EFBC}") = "IronLeg.Application", "src\IronLeg.Application\IronLeg.Application.csproj", "{A262E122-043C-4799-B2E2-A176418D3792}"
EndProject
Project("{FAE04EC0-301F-11D3-BF4B-00C04F79EFBC}") = "IronLeg.Domain", "src\IronLeg.Domain\IronLeg.Domain.csproj", "{4D6BC278-389B-45E9-98F4-D34D6EF23B69}"
EndProject
Project("{FAE04EC0-301F-11D3-BF4B-00C04F79EFBC}") = "IronLeg.Presentation.Api", "src\IronLeg.Presentation.Api\IronLeg.Presentation.Api.csproj", "{5C8F6453-C9BD-4ABB-99CA-F41B08479E67}"
EndProject
Global
	GlobalSection(SolutionConfigurationPlatforms) = preSolution
		Debug|Any CPU = Debug|Any CPU
		Release|Any CPU = Release|Any CPU
	EndGlobalSection
	GlobalSection(SolutionProperties) = preSolution
		HideSolutionNode = FALSE
	EndGlobalSection
	GlobalSection(ProjectConfigurationPlatforms) = postSolution
		{A262E122-043C-4799-B2E2-A176418D3792}.Debug|Any CPU.ActiveCfg = Debug|Any CPU
		{A262E122-043C-4799-B2E2-A176418D3792}.Debug|Any CPU.Build.0 = Debug|Any CPU
		{A262E122-043C-4799-B2E2-A176418D3792}.Release|Any CPU.ActiveCfg = Release|Any CPU
		{A262E122-043C-4799-B2E2-A176418D3792}.Release|Any CPU.Build.0 = Release|Any CPU
		{4D6BC278-389B-45E9-98F4-D34D6EF23B69}.Debug|Any CPU.ActiveCfg = Debug|Any CPU
		{4D6BC278-389B-45E9-98F4-D34D6EF23B69}.Debug|Any CPU.Build.0 = Debug|Any CPU
		{4D6BC278-389B-45E9-98F4-D34D6EF23B69}.Release|Any CPU.ActiveCfg = Release|Any CPU
		{4D6BC278-389B-45E9-98F4-D34D6EF23B69}.Release|Any CPU.Build.0 = Release|Any CPU
		{5C8F6453-C9BD-4ABB-99CA-F41B08479E67}.Debug|Any CPU.ActiveCfg = Debug|Any CPU
		{5C8F6453-C9BD-4ABB-99CA-F41B08479E67}.Debug|Any CPU.Build.0 = Debug|Any CPU
		{5C8F6453-C9BD-4ABB-99CA-F41B08479E67}.Release|Any CPU.ActiveCfg = Release|Any CPU
		{5C8F6453-C9BD-4ABB-99CA-F41B08479E67}.Release|Any CPU.Build.0 = Release|Any CPU
	EndGlobalSection
	GlobalSection(NestedProjects) = preSolution
		{A262E122-043C-4799-B2E2-A176418D3792} = {95387D46-4E26-4DA3-9E98-D8D6E7B31849}
		{4D6BC278-389B-45E9-98F4-D34D6EF23B69} = {95387D46-4E26-4DA3-9E98-D8D6E7B31849}
		{5C8F6453-C9BD-4ABB-99CA-F41B08479E67} = {95387D46-4E26-4DA3-9E98-D8D6E7B31849}
	EndGlobalSection
EndGlobal
